// !$*UTF8*$!
{
	archiveVersion = 1;
	classes = {
	};
	objectVersion = 56;
	objects = {

/* Begin PBXBuildFile section */
		16390A5D28ED177C00369F8F /* AppDelegate.swift in Sources */ = {isa = PBXBuildFile; fileRef = 16390A5C28ED177C00369F8F /* AppDelegate.swift */; };
		16390A5F28ED177C00369F8F /* SceneDelegate.swift in Sources */ = {isa = PBXBuildFile; fileRef = 16390A5E28ED177C00369F8F /* SceneDelegate.swift */; };
		16390A6128ED177C00369F8F /* ViewController.swift in Sources */ = {isa = PBXBuildFile; fileRef = 16390A6028ED177C00369F8F /* ViewController.swift */; };
		16390A6428ED177C00369F8F /* Main.storyboard in Resources */ = {isa = PBXBuildFile; fileRef = 16390A6228ED177C00369F8F /* Main.storyboard */; };
		16390A6628ED177E00369F8F /* Assets.xcassets in Resources */ = {isa = PBXBuildFile; fileRef = 16390A6528ED177E00369F8F /* Assets.xcassets */; };
		16390A6928ED177E00369F8F /* LaunchScreen.storyboard in Resources */ = {isa = PBXBuildFile; fileRef = 16390A6728ED177E00369F8F /* LaunchScreen.storyboard */; };
		16390A7628ED1BA800369F8F /* StoreResponse.swift in Sources */ = {isa = PBXBuildFile; fileRef = 16390A7528ED1BA800369F8F /* StoreResponse.swift */; };
		16390A7828ED1D2900369F8F /* PayloadModel.swift in Sources */ = {isa = PBXBuildFile; fileRef = 16390A7728ED1D2900369F8F /* PayloadModel.swift */; };
		16390A7A28ED1F2900369F8F /* AppModel.swift in Sources */ = {isa = PBXBuildFile; fileRef = 16390A7928ED1F2900369F8F /* AppModel.swift */; };
		16390A7C28ED212200369F8F /* GroupsModel.swift in Sources */ = {isa = PBXBuildFile; fileRef = 16390A7B28ED212200369F8F /* GroupsModel.swift */; };
		16390A7E28ED232A00369F8F /* PromoModel.swift in Sources */ = {isa = PBXBuildFile; fileRef = 16390A7D28ED232A00369F8F /* PromoModel.swift */; };
		16390A8028ED243200369F8F /* ProductModel.swift in Sources */ = {isa = PBXBuildFile; fileRef = 16390A7F28ED243200369F8F /* ProductModel.swift */; };
		16390A8228ED26F900369F8F /* ServiceManager.swift in Sources */ = {isa = PBXBuildFile; fileRef = 16390A8128ED26F900369F8F /* ServiceManager.swift */; };
		16390A8528ED272800369F8F /* GlobalStrings.swift in Sources */ = {isa = PBXBuildFile; fileRef = 16390A8428ED272800369F8F /* GlobalStrings.swift */; };
		16390A8728ED279200369F8F /* StoreViewModel.swift in Sources */ = {isa = PBXBuildFile; fileRef = 16390A8628ED279200369F8F /* StoreViewModel.swift */; };
		16390A8928ED27AC00369F8F /* BaseViewModel.swift in Sources */ = {isa = PBXBuildFile; fileRef = 16390A8828ED27AC00369F8F /* BaseViewModel.swift */; };
/* End PBXBuildFile section */

/* Begin PBXFileReference section */
		16390A5928ED177C00369F8F /* prediktive-rouse-challenge.app */ = {isa = PBXFileReference; explicitFileType = wrapper.application; includeInIndex = 0; path = "prediktive-rouse-challenge.app"; sourceTree = BUILT_PRODUCTS_DIR; };
		16390A5C28ED177C00369F8F /* AppDelegate.swift */ = {isa = PBXFileReference; lastKnownFileType = sourcecode.swift; path = AppDelegate.swift; sourceTree = "<group>"; };
		16390A5E28ED177C00369F8F /* SceneDelegate.swift */ = {isa = PBXFileReference; lastKnownFileType = sourcecode.swift; path = SceneDelegate.swift; sourceTree = "<group>"; };
		16390A6028ED177C00369F8F /* ViewController.swift */ = {isa = PBXFileReference; lastKnownFileType = sourcecode.swift; path = ViewController.swift; sourceTree = "<group>"; };
		16390A6328ED177C00369F8F /* Base */ = {isa = PBXFileReference; lastKnownFileType = file.storyboard; name = Base; path = Base.lproj/Main.storyboard; sourceTree = "<group>"; };
		16390A6528ED177E00369F8F /* Assets.xcassets */ = {isa = PBXFileReference; lastKnownFileType = folder.assetcatalog; path = Assets.xcassets; sourceTree = "<group>"; };
		16390A6828ED177E00369F8F /* Base */ = {isa = PBXFileReference; lastKnownFileType = file.storyboard; name = Base; path = Base.lproj/LaunchScreen.storyboard; sourceTree = "<group>"; };
		16390A6A28ED177E00369F8F /* Info.plist */ = {isa = PBXFileReference; lastKnownFileType = text.plist.xml; path = Info.plist; sourceTree = "<group>"; };
		16390A7528ED1BA800369F8F /* StoreResponse.swift */ = {isa = PBXFileReference; lastKnownFileType = sourcecode.swift; path = StoreResponse.swift; sourceTree = "<group>"; };
		16390A7728ED1D2900369F8F /* PayloadModel.swift */ = {isa = PBXFileReference; lastKnownFileType = sourcecode.swift; path = PayloadModel.swift; sourceTree = "<group>"; };
		16390A7928ED1F2900369F8F /* AppModel.swift */ = {isa = PBXFileReference; lastKnownFileType = sourcecode.swift; path = AppModel.swift; sourceTree = "<group>"; };
		16390A7B28ED212200369F8F /* GroupsModel.swift */ = {isa = PBXFileReference; lastKnownFileType = sourcecode.swift; path = GroupsModel.swift; sourceTree = "<group>"; };
		16390A7D28ED232A00369F8F /* PromoModel.swift */ = {isa = PBXFileReference; lastKnownFileType = sourcecode.swift; path = PromoModel.swift; sourceTree = "<group>"; };
		16390A7F28ED243200369F8F /* ProductModel.swift */ = {isa = PBXFileReference; lastKnownFileType = sourcecode.swift; path = ProductModel.swift; sourceTree = "<group>"; };
		16390A8128ED26F900369F8F /* ServiceManager.swift */ = {isa = PBXFileReference; lastKnownFileType = sourcecode.swift; path = ServiceManager.swift; sourceTree = "<group>"; };
		16390A8428ED272800369F8F /* GlobalStrings.swift */ = {isa = PBXFileReference; lastKnownFileType = sourcecode.swift; path = GlobalStrings.swift; sourceTree = "<group>"; };
		16390A8628ED279200369F8F /* StoreViewModel.swift */ = {isa = PBXFileReference; lastKnownFileType = sourcecode.swift; path = StoreViewModel.swift; sourceTree = "<group>"; };
		16390A8828ED27AC00369F8F /* BaseViewModel.swift */ = {isa = PBXFileReference; lastKnownFileType = sourcecode.swift; path = BaseViewModel.swift; sourceTree = "<group>"; };
/* End PBXFileReference section */

/* Begin PBXFrameworksBuildPhase section */
		16390A5628ED177C00369F8F /* Frameworks */ = {
			isa = PBXFrameworksBuildPhase;
			buildActionMask = 2147483647;
			files = (
			);
			runOnlyForDeploymentPostprocessing = 0;
		};
/* End PBXFrameworksBuildPhase section */

/* Begin PBXGroup section */
		16390A5028ED177C00369F8F = {
			isa = PBXGroup;
			children = (
				16390A5B28ED177C00369F8F /* prediktive-rouse-challenge */,
				16390A5A28ED177C00369F8F /* Products */,
			);
			sourceTree = "<group>";
		};
		16390A5A28ED177C00369F8F /* Products */ = {
			isa = PBXGroup;
			children = (
				16390A5928ED177C00369F8F /* prediktive-rouse-challenge.app */,
			);
			name = Products;
			sourceTree = "<group>";
		};
		16390A5B28ED177C00369F8F /* prediktive-rouse-challenge */ = {
			isa = PBXGroup;
			children = (
				16390A7428ED1A9100369F8F /* Common */,
				16390A7328ED1A6F00369F8F /* HttpClient */,
				16390A7228ED1A6A00369F8F /* Model */,
				16390A7128ED1A6300369F8F /* ViewModel */,
				16390A7028ED1A5900369F8F /* ViewController */,
				16390A5C28ED177C00369F8F /* AppDelegate.swift */,
				16390A5E28ED177C00369F8F /* SceneDelegate.swift */,
				16390A6028ED177C00369F8F /* ViewController.swift */,
				16390A6228ED177C00369F8F /* Main.storyboard */,
				16390A6528ED177E00369F8F /* Assets.xcassets */,
				16390A6728ED177E00369F8F /* LaunchScreen.storyboard */,
				16390A6A28ED177E00369F8F /* Info.plist */,
			);
			path = "prediktive-rouse-challenge";
			sourceTree = "<group>";
		};
		16390A7028ED1A5900369F8F /* ViewController */ = {
			isa = PBXGroup;
			children = (
			);
			path = ViewController;
			sourceTree = "<group>";
		};
		16390A7128ED1A6300369F8F /* ViewModel */ = {
			isa = PBXGroup;
			children = (
				16390A8628ED279200369F8F /* StoreViewModel.swift */,
				16390A8828ED27AC00369F8F /* BaseViewModel.swift */,
			);
			path = ViewModel;
			sourceTree = "<group>";
		};
		16390A7228ED1A6A00369F8F /* Model */ = {
			isa = PBXGroup;
			children = (
				16390A7528ED1BA800369F8F /* StoreResponse.swift */,
				16390A7728ED1D2900369F8F /* PayloadModel.swift */,
				16390A7928ED1F2900369F8F /* AppModel.swift */,
				16390A7B28ED212200369F8F /* GroupsModel.swift */,
				16390A7D28ED232A00369F8F /* PromoModel.swift */,
				16390A7F28ED243200369F8F /* ProductModel.swift */,
			);
			path = Model;
			sourceTree = "<group>";
		};
		16390A7328ED1A6F00369F8F /* HttpClient */ = {
			isa = PBXGroup;
			children = (
				16390A8128ED26F900369F8F /* ServiceManager.swift */,
			);
			path = HttpClient;
			sourceTree = "<group>";
		};
		16390A7428ED1A9100369F8F /* Common */ = {
			isa = PBXGroup;
			children = (
				16390A8328ED271C00369F8F /* Strings */,
			);
			path = Common;
			sourceTree = "<group>";
		};
		16390A8328ED271C00369F8F /* Strings */ = {
			isa = PBXGroup;
			children = (
				16390A8428ED272800369F8F /* GlobalStrings.swift */,
			);
			path = Strings;
			sourceTree = "<group>";
		};
/* End PBXGroup section */

/* Begin PBXNativeTarget section */
		16390A5828ED177C00369F8F /* prediktive-rouse-challenge */ = {
			isa = PBXNativeTarget;
			buildConfigurationList = 16390A6D28ED177E00369F8F /* Build configuration list for PBXNativeTarget "prediktive-rouse-challenge" */;
			buildPhases = (
				16390A5528ED177C00369F8F /* Sources */,
				16390A5628ED177C00369F8F /* Frameworks */,
				16390A5728ED177C00369F8F /* Resources */,
			);
			buildRules = (
			);
			dependencies = (
			);
			name = "prediktive-rouse-challenge";
			productName = "prediktive-rouse-challenge";
			productReference = 16390A5928ED177C00369F8F /* prediktive-rouse-challenge.app */;
			productType = "com.apple.product-type.application";
		};
/* End PBXNativeTarget section */

/* Begin PBXProject section */
		16390A5128ED177C00369F8F /* Project object */ = {
			isa = PBXProject;
			attributes = {
				BuildIndependentTargetsInParallel = 1;
				LastSwiftUpdateCheck = 1400;
				LastUpgradeCheck = 1400;
				TargetAttributes = {
					16390A5828ED177C00369F8F = {
						CreatedOnToolsVersion = 14.0.1;
					};
				};
			};
			buildConfigurationList = 16390A5428ED177C00369F8F /* Build configuration list for PBXProject "prediktive-rouse-challenge" */;
			compatibilityVersion = "Xcode 14.0";
			developmentRegion = en;
			hasScannedForEncodings = 0;
			knownRegions = (
				en,
				Base,
			);
			mainGroup = 16390A5028ED177C00369F8F;
			productRefGroup = 16390A5A28ED177C00369F8F /* Products */;
			projectDirPath = "";
			projectRoot = "";
			targets = (
				16390A5828ED177C00369F8F /* prediktive-rouse-challenge */,
			);
		};
/* End PBXProject section */

/* Begin PBXResourcesBuildPhase section */
		16390A5728ED177C00369F8F /* Resources */ = {
			isa = PBXResourcesBuildPhase;
			buildActionMask = 2147483647;
			files = (
				16390A6928ED177E00369F8F /* LaunchScreen.storyboard in Resources */,
				16390A6628ED177E00369F8F /* Assets.xcassets in Resources */,
				16390A6428ED177C00369F8F /* Main.storyboard in Resources */,
			);
			runOnlyForDeploymentPostprocessing = 0;
		};
/* End PBXResourcesBuildPhase section */

/* Begin PBXSourcesBuildPhase section */
		16390A5528ED177C00369F8F /* Sources */ = {
			isa = PBXSourcesBuildPhase;
			buildActionMask = 2147483647;
			files = (
				16390A7828ED1D2900369F8F /* PayloadModel.swift in Sources */,
				16390A7E28ED232A00369F8F /* PromoModel.swift in Sources */,
				16390A6128ED177C00369F8F /* ViewController.swift in Sources */,
				16390A7A28ED1F2900369F8F /* AppModel.swift in Sources */,
				16390A8728ED279200369F8F /* StoreViewModel.swift in Sources */,
				16390A5D28ED177C00369F8F /* AppDelegate.swift in Sources */,
				16390A8528ED272800369F8F /* GlobalStrings.swift in Sources */,
				16390A8928ED27AC00369F8F /* BaseViewModel.swift in Sources */,
				16390A7C28ED212200369F8F /* GroupsModel.swift in Sources */,
				16390A7628ED1BA800369F8F /* StoreResponse.swift in Sources */,
				16390A5F28ED177C00369F8F /* SceneDelegate.swift in Sources */,
				16390A8028ED243200369F8F /* ProductModel.swift in Sources */,
				16390A8228ED26F900369F8F /* ServiceManager.swift in Sources */,
			);
			runOnlyForDeploymentPostprocessing = 0;
		};
/* End PBXSourcesBuildPhase section */

/* Begin PBXVariantGroup section */
		16390A6228ED177C00369F8F /* Main.storyboard */ = {
			isa = PBXVariantGroup;
			children = (
				16390A6328ED177C00369F8F /* Base */,
			);
			name = Main.storyboard;
			sourceTree = "<group>";
		};
		16390A6728ED177E00369F8F /* LaunchScreen.storyboard */ = {
			isa = PBXVariantGroup;
			children = (
				16390A6828ED177E00369F8F /* Base */,
			);
			name = LaunchScreen.storyboard;
			sourceTree = "<group>";
		};
/* End PBXVariantGroup section */

/* Begin XCBuildConfiguration section */
		16390A6B28ED177E00369F8F /* Debug */ = {
			isa = XCBuildConfiguration;
			buildSettings = {
				ALWAYS_SEARCH_USER_PATHS = NO;
				CLANG_ANALYZER_NONNULL = YES;
				CLANG_ANALYZER_NUMBER_OBJECT_CONVERSION = YES_AGGRESSIVE;
				CLANG_CXX_LANGUAGE_STANDARD = "gnu++20";
				CLANG_ENABLE_MODULES = YES;
				CLANG_ENABLE_OBJC_ARC = YES;
				CLANG_ENABLE_OBJC_WEAK = YES;
				CLANG_WARN_BLOCK_CAPTURE_AUTORELEASING = YES;
				CLANG_WARN_BOOL_CONVERSION = YES;
				CLANG_WARN_COMMA = YES;
				CLANG_WARN_CONSTANT_CONVERSION = YES;
				CLANG_WARN_DEPRECATED_OBJC_IMPLEMENTATIONS = YES;
				CLANG_WARN_DIRECT_OBJC_ISA_USAGE = YES_ERROR;
				CLANG_WARN_DOCUMENTATION_COMMENTS = YES;
				CLANG_WARN_EMPTY_BODY = YES;
				CLANG_WARN_ENUM_CONVERSION = YES;
				CLANG_WARN_INFINITE_RECURSION = YES;
				CLANG_WARN_INT_CONVERSION = YES;
				CLANG_WARN_NON_LITERAL_NULL_CONVERSION = YES;
				CLANG_WARN_OBJC_IMPLICIT_RETAIN_SELF = YES;
				CLANG_WARN_OBJC_LITERAL_CONVERSION = YES;
				CLANG_WARN_OBJC_ROOT_CLASS = YES_ERROR;
				CLANG_WARN_QUOTED_INCLUDE_IN_FRAMEWORK_HEADER = YES;
				CLANG_WARN_RANGE_LOOP_ANALYSIS = YES;
				CLANG_WARN_STRICT_PROTOTYPES = YES;
				CLANG_WARN_SUSPICIOUS_MOVE = YES;
				CLANG_WARN_UNGUARDED_AVAILABILITY = YES_AGGRESSIVE;
				CLANG_WARN_UNREACHABLE_CODE = YES;
				CLANG_WARN__DUPLICATE_METHOD_MATCH = YES;
				COPY_PHASE_STRIP = NO;
				DEBUG_INFORMATION_FORMAT = dwarf;
				ENABLE_STRICT_OBJC_MSGSEND = YES;
				ENABLE_TESTABILITY = YES;
				GCC_C_LANGUAGE_STANDARD = gnu11;
				GCC_DYNAMIC_NO_PIC = NO;
				GCC_NO_COMMON_BLOCKS = YES;
				GCC_OPTIMIZATION_LEVEL = 0;
				GCC_PREPROCESSOR_DEFINITIONS = (
					"DEBUG=1",
					"$(inherited)",
				);
				GCC_WARN_64_TO_32_BIT_CONVERSION = YES;
				GCC_WARN_ABOUT_RETURN_TYPE = YES_ERROR;
				GCC_WARN_UNDECLARED_SELECTOR = YES;
				GCC_WARN_UNINITIALIZED_AUTOS = YES_AGGRESSIVE;
				GCC_WARN_UNUSED_FUNCTION = YES;
				GCC_WARN_UNUSED_VARIABLE = YES;
				IPHONEOS_DEPLOYMENT_TARGET = 16.0;
				MTL_ENABLE_DEBUG_INFO = INCLUDE_SOURCE;
				MTL_FAST_MATH = YES;
				ONLY_ACTIVE_ARCH = YES;
				SDKROOT = iphoneos;
				SWIFT_ACTIVE_COMPILATION_CONDITIONS = DEBUG;
				SWIFT_OPTIMIZATION_LEVEL = "-Onone";
			};
			name = Debug;
		};
		16390A6C28ED177E00369F8F /* Release */ = {
			isa = XCBuildConfiguration;
			buildSettings = {
				ALWAYS_SEARCH_USER_PATHS = NO;
				CLANG_ANALYZER_NONNULL = YES;
				CLANG_ANALYZER_NUMBER_OBJECT_CONVERSION = YES_AGGRESSIVE;
				CLANG_CXX_LANGUAGE_STANDARD = "gnu++20";
				CLANG_ENABLE_MODULES = YES;
				CLANG_ENABLE_OBJC_ARC = YES;
				CLANG_ENABLE_OBJC_WEAK = YES;
				CLANG_WARN_BLOCK_CAPTURE_AUTORELEASING = YES;
				CLANG_WARN_BOOL_CONVERSION = YES;
				CLANG_WARN_COMMA = YES;
				CLANG_WARN_CONSTANT_CONVERSION = YES;
				CLANG_WARN_DEPRECATED_OBJC_IMPLEMENTATIONS = YES;
				CLANG_WARN_DIRECT_OBJC_ISA_USAGE = YES_ERROR;
				CLANG_WARN_DOCUMENTATION_COMMENTS = YES;
				CLANG_WARN_EMPTY_BODY = YES;
				CLANG_WARN_ENUM_CONVERSION = YES;
				CLANG_WARN_INFINITE_RECURSION = YES;
				CLANG_WARN_INT_CONVERSION = YES;
				CLANG_WARN_NON_LITERAL_NULL_CONVERSION = YES;
				CLANG_WARN_OBJC_IMPLICIT_RETAIN_SELF = YES;
				CLANG_WARN_OBJC_LITERAL_CONVERSION = YES;
				CLANG_WARN_OBJC_ROOT_CLASS = YES_ERROR;
				CLANG_WARN_QUOTED_INCLUDE_IN_FRAMEWORK_HEADER = YES;
				CLANG_WARN_RANGE_LOOP_ANALYSIS = YES;
				CLANG_WARN_STRICT_PROTOTYPES = YES;
				CLANG_WARN_SUSPICIOUS_MOVE = YES;
				CLANG_WARN_UNGUARDED_AVAILABILITY = YES_AGGRESSIVE;
				CLANG_WARN_UNREACHABLE_CODE = YES;
				CLANG_WARN__DUPLICATE_METHOD_MATCH = YES;
				COPY_PHASE_STRIP = NO;
				DEBUG_INFORMATION_FORMAT = "dwarf-with-dsym";
				ENABLE_NS_ASSERTIONS = NO;
				ENABLE_STRICT_OBJC_MSGSEND = YES;
				GCC_C_LANGUAGE_STANDARD = gnu11;
				GCC_NO_COMMON_BLOCKS = YES;
				GCC_WARN_64_TO_32_BIT_CONVERSION = YES;
				GCC_WARN_ABOUT_RETURN_TYPE = YES_ERROR;
				GCC_WARN_UNDECLARED_SELECTOR = YES;
				GCC_WARN_UNINITIALIZED_AUTOS = YES_AGGRESSIVE;
				GCC_WARN_UNUSED_FUNCTION = YES;
				GCC_WARN_UNUSED_VARIABLE = YES;
				IPHONEOS_DEPLOYMENT_TARGET = 16.0;
				MTL_ENABLE_DEBUG_INFO = NO;
				MTL_FAST_MATH = YES;
				SDKROOT = iphoneos;
				SWIFT_COMPILATION_MODE = wholemodule;
				SWIFT_OPTIMIZATION_LEVEL = "-O";
				VALIDATE_PRODUCT = YES;
			};
			name = Release;
		};
		16390A6E28ED177E00369F8F /* Debug */ = {
			isa = XCBuildConfiguration;
			buildSettings = {
				ASSETCATALOG_COMPILER_APPICON_NAME = AppIcon;
				ASSETCATALOG_COMPILER_GLOBAL_ACCENT_COLOR_NAME = AccentColor;
				CODE_SIGN_STYLE = Automatic;
				CURRENT_PROJECT_VERSION = 1;
				DEVELOPMENT_TEAM = K8264YTM86;
				GENERATE_INFOPLIST_FILE = YES;
				INFOPLIST_FILE = "prediktive-rouse-challenge/Info.plist";
				INFOPLIST_KEY_UIApplicationSupportsIndirectInputEvents = YES;
				INFOPLIST_KEY_UILaunchStoryboardName = LaunchScreen;
				INFOPLIST_KEY_UIMainStoryboardFile = Main;
				INFOPLIST_KEY_UISupportedInterfaceOrientations_iPad = "UIInterfaceOrientationPortrait UIInterfaceOrientationPortraitUpsideDown UIInterfaceOrientationLandscapeLeft UIInterfaceOrientationLandscapeRight";
				INFOPLIST_KEY_UISupportedInterfaceOrientations_iPhone = "UIInterfaceOrientationPortrait UIInterfaceOrientationLandscapeLeft UIInterfaceOrientationLandscapeRight";
				LD_RUNPATH_SEARCH_PATHS = (
					"$(inherited)",
					"@executable_path/Frameworks",
				);
				MARKETING_VERSION = 1.0;
				PRODUCT_BUNDLE_IDENTIFIER = "dev.wallace.prediktive-rouse-challenge";
				PRODUCT_NAME = "$(TARGET_NAME)";
				SWIFT_EMIT_LOC_STRINGS = YES;
				SWIFT_VERSION = 5.0;
				TARGETED_DEVICE_FAMILY = "1,2";
			};
			name = Debug;
		};
		16390A6F28ED177E00369F8F /* Release */ = {
			isa = XCBuildConfiguration;
			buildSettings = {
				ASSETCATALOG_COMPILER_APPICON_NAME = AppIcon;
				ASSETCATALOG_COMPILER_GLOBAL_ACCENT_COLOR_NAME = AccentColor;
				CODE_SIGN_STYLE = Automatic;
				CURRENT_PROJECT_VERSION = 1;
				DEVELOPMENT_TEAM = K8264YTM86;
				GENERATE_INFOPLIST_FILE = YES;
				INFOPLIST_FILE = "prediktive-rouse-challenge/Info.plist";
				INFOPLIST_KEY_UIApplicationSupportsIndirectInputEvents = YES;
				INFOPLIST_KEY_UILaunchStoryboardName = LaunchScreen;
				INFOPLIST_KEY_UIMainStoryboardFile = Main;
				INFOPLIST_KEY_UISupportedInterfaceOrientations_iPad = "UIInterfaceOrientationPortrait UIInterfaceOrientationPortraitUpsideDown UIInterfaceOrientationLandscapeLeft UIInterfaceOrientationLandscapeRight";
				INFOPLIST_KEY_UISupportedInterfaceOrientations_iPhone = "UIInterfaceOrientationPortrait UIInterfaceOrientationLandscapeLeft UIInterfaceOrientationLandscapeRight";
				LD_RUNPATH_SEARCH_PATHS = (
					"$(inherited)",
					"@executable_path/Frameworks",
				);
				MARKETING_VERSION = 1.0;
				PRODUCT_BUNDLE_IDENTIFIER = "dev.wallace.prediktive-rouse-challenge";
				PRODUCT_NAME = "$(TARGET_NAME)";
				SWIFT_EMIT_LOC_STRINGS = YES;
				SWIFT_VERSION = 5.0;
				TARGETED_DEVICE_FAMILY = "1,2";
			};
			name = Release;
		};
/* End XCBuildConfiguration section */

/* Begin XCConfigurationList section */
		16390A5428ED177C00369F8F /* Build configuration list for PBXProject "prediktive-rouse-challenge" */ = {
			isa = XCConfigurationList;
			buildConfigurations = (
				16390A6B28ED177E00369F8F /* Debug */,
				16390A6C28ED177E00369F8F /* Release */,
			);
			defaultConfigurationIsVisible = 0;
			defaultConfigurationName = Release;
		};
		16390A6D28ED177E00369F8F /* Build configuration list for PBXNativeTarget "prediktive-rouse-challenge" */ = {
			isa = XCConfigurationList;
			buildConfigurations = (
				16390A6E28ED177E00369F8F /* Debug */,
				16390A6F28ED177E00369F8F /* Release */,
			);
			defaultConfigurationIsVisible = 0;
			defaultConfigurationName = Release;
		};
/* End XCConfigurationList section */
	};
	rootObject = 16390A5128ED177C00369F8F /* Project object */;
}
